
Microsoft Visual Studio Solution File, Format Version 12.00
# Visual Studio Version 16
VisualStudioVersion = 16.0.30804.86
MinimumVisualStudioVersion = 10.0.40219.1
Project("{FAE04EC0-301F-11D3-BF4B-00C04F79EFBC}") = "Proje_Hastane", "Proje_Hastane\Proje_Hastane.csproj", "{D8CB83BA-A3F5-48E3-8491-5B23D4EA9CC0}"
EndProject
Project("{54435603-DBB4-11D2-8724-00A0C9A8B90C}") = "HastaneProjesiSetup", "..\..\..\Desktop\hastaneProje\HastaneProjesiSetup\HastaneProjesiSetup.vdproj", "{BAEEF3D8-D1CE-4FB9-A5CF-4DC14C18D30E}"
EndProject
Global
	GlobalSection(SolutionConfigurationPlatforms) = preSolution
		Debug|Any CPU = Debug|Any CPU
		Release|Any CPU = Release|Any CPU
	EndGlobalSection
	GlobalSection(ProjectConfigurationPlatforms) = postSolution
		{D8CB83BA-A3F5-48E3-8491-5B23D4EA9CC0}.Debug|Any CPU.ActiveCfg = Debug|Any CPU
		{D8CB83BA-A3F5-48E3-8491-5B23D4EA9CC0}.Debug|Any CPU.Build.0 = Debug|Any CPU
		{D8CB83BA-A3F5-48E3-8491-5B23D4EA9CC0}.Release|Any CPU.ActiveCfg = Release|Any CPU
		{D8CB83BA-A3F5-48E3-8491-5B23D4EA9CC0}.Release|Any CPU.Build.0 = Release|Any CPU
		{BAEEF3D8-D1CE-4FB9-A5CF-4DC14C18D30E}.Debug|Any CPU.ActiveCfg = Debug
		{BAEEF3D8-D1CE-4FB9-A5CF-4DC14C18D30E}.Debug|Any CPU.Build.0 = Debug
		{BAEEF3D8-D1CE-4FB9-A5CF-4DC14C18D30E}.Release|Any CPU.ActiveCfg = Release
		{BAEEF3D8-D1CE-4FB9-A5CF-4DC14C18D30E}.Release|Any CPU.Build.0 = Release
	EndGlobalSection
	GlobalSection(SolutionProperties) = preSolution
		HideSolutionNode = FALSE
	EndGlobalSection
	GlobalSection(ExtensibilityGlobals) = postSolution
		SolutionGuid = {236693B7-C58C-4027-8B5C-1BFA5C91667C}
	EndGlobalSection
EndGlobal
